
Microsoft Visual Studio Solution File, Format Version 12.00
# Visual Studio Version 16
VisualStudioVersion = 16.0.30011.22
MinimumVisualStudioVersion = 10.0.40219.1
Project("{9A19103F-16F7-4668-BE54-9A1E7A4F7556}") = "Phonebook", "Phonebook\Phonebook.csproj", "{E1345B6D-7DCB-4E58-A63F-4B359DCE5872}"
EndProject
Project("{9A19103F-16F7-4668-BE54-9A1E7A4F7556}") = "Phonebook.Entities", "Phonebook.Core\Phonebook.Entities.csproj", "{53A13DB0-2C59-44A7-B9C9-726EBCD4D050}"
EndProject
Project("{9A19103F-16F7-4668-BE54-9A1E7A4F7556}") = "Phonebook.Data", "Phonebook.Data\Phonebook.Data.csproj", "{2170F6A3-1108-4F31-B6AF-F41E2D464424}"
EndProject
Project("{2150E333-8FDC-42A3-9474-1A3956D46DE8}") = "DataAccess", "DataAccess", "{B20F2B36-D153-4410-8417-EB2A290C7FF1}"
EndProject
Project("{9A19103F-16F7-4668-BE54-9A1E7A4F7556}") = "Repositories.CSV", "Repositories.CSV\Repositories.CSV.csproj", "{AFD610B5-22BD-4FD9-A3AE-491E2D56438A}"
EndProject
Project("{FAE04EC0-301F-11D3-BF4B-00C04F79EFBC}") = "Repositories.XML", "Repositories.XML\Repositories.XML.csproj", "{8CB3D44F-20B3-464E-B53F-4AD0519C1763}"
EndProject
Project("{FAE04EC0-301F-11D3-BF4B-00C04F79EFBC}") = "Repositories.JSON", "Repositories.JSON\Repositories.JSON.csproj", "{A7D3E5D0-412E-48BE-B5B4-3FEF0BDF2837}"
EndProject
Global
	GlobalSection(SolutionConfigurationPlatforms) = preSolution
		Debug|Any CPU = Debug|Any CPU
		Release|Any CPU = Release|Any CPU
	EndGlobalSection
	GlobalSection(ProjectConfigurationPlatforms) = postSolution
		{E1345B6D-7DCB-4E58-A63F-4B359DCE5872}.Debug|Any CPU.ActiveCfg = Debug|Any CPU
		{E1345B6D-7DCB-4E58-A63F-4B359DCE5872}.Debug|Any CPU.Build.0 = Debug|Any CPU
		{E1345B6D-7DCB-4E58-A63F-4B359DCE5872}.Release|Any CPU.ActiveCfg = Release|Any CPU
		{E1345B6D-7DCB-4E58-A63F-4B359DCE5872}.Release|Any CPU.Build.0 = Release|Any CPU
		{53A13DB0-2C59-44A7-B9C9-726EBCD4D050}.Debug|Any CPU.ActiveCfg = Debug|Any CPU
		{53A13DB0-2C59-44A7-B9C9-726EBCD4D050}.Debug|Any CPU.Build.0 = Debug|Any CPU
		{53A13DB0-2C59-44A7-B9C9-726EBCD4D050}.Release|Any CPU.ActiveCfg = Release|Any CPU
		{53A13DB0-2C59-44A7-B9C9-726EBCD4D050}.Release|Any CPU.Build.0 = Release|Any CPU
		{2170F6A3-1108-4F31-B6AF-F41E2D464424}.Debug|Any CPU.ActiveCfg = Debug|Any CPU
		{2170F6A3-1108-4F31-B6AF-F41E2D464424}.Debug|Any CPU.Build.0 = Debug|Any CPU
		{2170F6A3-1108-4F31-B6AF-F41E2D464424}.Release|Any CPU.ActiveCfg = Release|Any CPU
		{2170F6A3-1108-4F31-B6AF-F41E2D464424}.Release|Any CPU.Build.0 = Release|Any CPU
		{AFD610B5-22BD-4FD9-A3AE-491E2D56438A}.Debug|Any CPU.ActiveCfg = Debug|Any CPU
		{AFD610B5-22BD-4FD9-A3AE-491E2D56438A}.Debug|Any CPU.Build.0 = Debug|Any CPU
		{AFD610B5-22BD-4FD9-A3AE-491E2D56438A}.Release|Any CPU.ActiveCfg = Release|Any CPU
		{AFD610B5-22BD-4FD9-A3AE-491E2D56438A}.Release|Any CPU.Build.0 = Release|Any CPU
		{8CB3D44F-20B3-464E-B53F-4AD0519C1763}.Debug|Any CPU.ActiveCfg = Debug|Any CPU
		{8CB3D44F-20B3-464E-B53F-4AD0519C1763}.Debug|Any CPU.Build.0 = Debug|Any CPU
		{8CB3D44F-20B3-464E-B53F-4AD0519C1763}.Release|Any CPU.ActiveCfg = Release|Any CPU
		{8CB3D44F-20B3-464E-B53F-4AD0519C1763}.Release|Any CPU.Build.0 = Release|Any CPU
		{A7D3E5D0-412E-48BE-B5B4-3FEF0BDF2837}.Debug|Any CPU.ActiveCfg = Debug|Any CPU
		{A7D3E5D0-412E-48BE-B5B4-3FEF0BDF2837}.Debug|Any CPU.Build.0 = Debug|Any CPU
		{A7D3E5D0-412E-48BE-B5B4-3FEF0BDF2837}.Release|Any CPU.ActiveCfg = Release|Any CPU
		{A7D3E5D0-412E-48BE-B5B4-3FEF0BDF2837}.Release|Any CPU.Build.0 = Release|Any CPU
	EndGlobalSection
	GlobalSection(SolutionProperties) = preSolution
		HideSolutionNode = FALSE
	EndGlobalSection
	GlobalSection(NestedProjects) = preSolution
		{AFD610B5-22BD-4FD9-A3AE-491E2D56438A} = {B20F2B36-D153-4410-8417-EB2A290C7FF1}
		{8CB3D44F-20B3-464E-B53F-4AD0519C1763} = {B20F2B36-D153-4410-8417-EB2A290C7FF1}
		{A7D3E5D0-412E-48BE-B5B4-3FEF0BDF2837} = {B20F2B36-D153-4410-8417-EB2A290C7FF1}
	EndGlobalSection
	GlobalSection(ExtensibilityGlobals) = postSolution
		SolutionGuid = {E8D1DF2F-3CEA-4644-80C4-4095D17F18AB}
	EndGlobalSection
EndGlobal
